
Microsoft Visual Studio Solution File, Format Version 12.00
# Visual Studio Version 17
VisualStudioVersion = 17.14.36327.8
MinimumVisualStudioVersion = 10.0.40219.1
Project("{2150E333-8FDC-42A3-9474-1A3956D46DE8}") = "TestApps", "TestApps", "{02EA681E-C7D8-13C7-8484-4AC65E1B71E8}"
EndProject
Project("{FAE04EC0-301F-11D3-BF4B-00C04F79EFBC}") = "Syn.CodeScanner", "TestApps\Syn.CodeScanner\Syn.CodeScanner.csproj", "{D5C39108-152A-0582-093B-BF8DF765A294}"
EndProject
Project("{FAE04EC0-301F-11D3-BF4B-00C04F79EFBC}") = "TesterApp", "TestApps\TesterApp\TesterApp.csproj", "{61B1B370-1E60-B2D7-572B-B89E070D66C6}"
EndProject
Project("{2150E333-8FDC-42A3-9474-1A3956D46DE8}") = "MultiTenancy", "MultiTenancy", "{15F5DD77-39E5-4525-AEF4-F02C658686F2}"
EndProject
Project("{FAE04EC0-301F-11D3-BF4B-00C04F79EFBC}") = "Syn.Core.MultiTenancy", "MultiTenancy\Syn.Core.MultiTenancy\Syn.Core.MultiTenancy.csproj", "{453B240C-6D9E-087E-2B40-FF610FA810BC}"
EndProject
Project("{2150E333-8FDC-42A3-9474-1A3956D46DE8}") = "SchemaGenerator", "SchemaGenerator", "{654E0E79-C461-41C7-A57B-B41351C88356}"
EndProject
Project("{FAE04EC0-301F-11D3-BF4B-00C04F79EFBC}") = "Syn.Core.SqlSchemaGenerator", "SchemaGenerator\Syn.Core.SqlSchemaGenerator\Syn.Core.SqlSchemaGenerator.csproj", "{E9A70802-2B3E-711B-1651-3639FC1B42EE}"
EndProject
Project("{FAE04EC0-301F-11D3-BF4B-00C04F79EFBC}") = "Syn.Core.MultiTenancy.Cli", "MultiTenancy\Syn.Core.MultiTenancy.Cli\Syn.Core.MultiTenancy.Cli.csproj", "{84BFF596-5A26-4F94-B93B-FA9483070BB3}"
EndProject
Project("{2150E333-8FDC-42A3-9474-1A3956D46DE8}") = "Caching", "Caching", "{B347BD71-3209-4F67-99D7-71353B38178C}"
EndProject
Project("{FAE04EC0-301F-11D3-BF4B-00C04F79EFBC}") = "Syn.Core.Cache.Redis", "Caching\Syn.Core.Cache.Redis\Syn.Core.Cache.Redis.csproj", "{1B64B225-1772-680E-12E8-2547B03EC458}"
EndProject
Project("{FAE04EC0-301F-11D3-BF4B-00C04F79EFBC}") = "Sample.Web", "TestApps\Sample.Web\Sample.Web.csproj", "{3982CFC8-ED80-E26D-F2DC-A82A0311188B}"
EndProject
Global
	GlobalSection(SolutionConfigurationPlatforms) = preSolution
		Debug|Any CPU = Debug|Any CPU
		Release|Any CPU = Release|Any CPU
	EndGlobalSection
	GlobalSection(ProjectConfigurationPlatforms) = postSolution
		{D5C39108-152A-0582-093B-BF8DF765A294}.Debug|Any CPU.ActiveCfg = Debug|Any CPU
		{D5C39108-152A-0582-093B-BF8DF765A294}.Debug|Any CPU.Build.0 = Debug|Any CPU
		{D5C39108-152A-0582-093B-BF8DF765A294}.Release|Any CPU.ActiveCfg = Release|Any CPU
		{D5C39108-152A-0582-093B-BF8DF765A294}.Release|Any CPU.Build.0 = Release|Any CPU
		{61B1B370-1E60-B2D7-572B-B89E070D66C6}.Debug|Any CPU.ActiveCfg = Debug|Any CPU
		{61B1B370-1E60-B2D7-572B-B89E070D66C6}.Debug|Any CPU.Build.0 = Debug|Any CPU
		{61B1B370-1E60-B2D7-572B-B89E070D66C6}.Release|Any CPU.ActiveCfg = Release|Any CPU
		{61B1B370-1E60-B2D7-572B-B89E070D66C6}.Release|Any CPU.Build.0 = Release|Any CPU
		{453B240C-6D9E-087E-2B40-FF610FA810BC}.Debug|Any CPU.ActiveCfg = Debug|Any CPU
		{453B240C-6D9E-087E-2B40-FF610FA810BC}.Debug|Any CPU.Build.0 = Debug|Any CPU
		{453B240C-6D9E-087E-2B40-FF610FA810BC}.Release|Any CPU.ActiveCfg = Release|Any CPU
		{453B240C-6D9E-087E-2B40-FF610FA810BC}.Release|Any CPU.Build.0 = Release|Any CPU
		{E9A70802-2B3E-711B-1651-3639FC1B42EE}.Debug|Any CPU.ActiveCfg = Debug|Any CPU
		{E9A70802-2B3E-711B-1651-3639FC1B42EE}.Debug|Any CPU.Build.0 = Debug|Any CPU
		{E9A70802-2B3E-711B-1651-3639FC1B42EE}.Release|Any CPU.ActiveCfg = Release|Any CPU
		{E9A70802-2B3E-711B-1651-3639FC1B42EE}.Release|Any CPU.Build.0 = Release|Any CPU
		{84BFF596-5A26-4F94-B93B-FA9483070BB3}.Debug|Any CPU.ActiveCfg = Debug|Any CPU
		{84BFF596-5A26-4F94-B93B-FA9483070BB3}.Debug|Any CPU.Build.0 = Debug|Any CPU
		{84BFF596-5A26-4F94-B93B-FA9483070BB3}.Release|Any CPU.ActiveCfg = Release|Any CPU
		{84BFF596-5A26-4F94-B93B-FA9483070BB3}.Release|Any CPU.Build.0 = Release|Any CPU
		{1B64B225-1772-680E-12E8-2547B03EC458}.Debug|Any CPU.ActiveCfg = Debug|Any CPU
		{1B64B225-1772-680E-12E8-2547B03EC458}.Debug|Any CPU.Build.0 = Debug|Any CPU
		{1B64B225-1772-680E-12E8-2547B03EC458}.Release|Any CPU.ActiveCfg = Release|Any CPU
		{1B64B225-1772-680E-12E8-2547B03EC458}.Release|Any CPU.Build.0 = Release|Any CPU
		{3982CFC8-ED80-E26D-F2DC-A82A0311188B}.Debug|Any CPU.ActiveCfg = Debug|Any CPU
		{3982CFC8-ED80-E26D-F2DC-A82A0311188B}.Debug|Any CPU.Build.0 = Debug|Any CPU
		{3982CFC8-ED80-E26D-F2DC-A82A0311188B}.Release|Any CPU.ActiveCfg = Release|Any CPU
		{3982CFC8-ED80-E26D-F2DC-A82A0311188B}.Release|Any CPU.Build.0 = Release|Any CPU
	EndGlobalSection
	GlobalSection(SolutionProperties) = preSolution
		HideSolutionNode = FALSE
	EndGlobalSection
	GlobalSection(NestedProjects) = preSolution
		{D5C39108-152A-0582-093B-BF8DF765A294} = {02EA681E-C7D8-13C7-8484-4AC65E1B71E8}
		{61B1B370-1E60-B2D7-572B-B89E070D66C6} = {02EA681E-C7D8-13C7-8484-4AC65E1B71E8}
		{453B240C-6D9E-087E-2B40-FF610FA810BC} = {15F5DD77-39E5-4525-AEF4-F02C658686F2}
		{E9A70802-2B3E-711B-1651-3639FC1B42EE} = {654E0E79-C461-41C7-A57B-B41351C88356}
		{84BFF596-5A26-4F94-B93B-FA9483070BB3} = {15F5DD77-39E5-4525-AEF4-F02C658686F2}
		{1B64B225-1772-680E-12E8-2547B03EC458} = {B347BD71-3209-4F67-99D7-71353B38178C}
		{3982CFC8-ED80-E26D-F2DC-A82A0311188B} = {02EA681E-C7D8-13C7-8484-4AC65E1B71E8}
	EndGlobalSection
	GlobalSection(ExtensibilityGlobals) = postSolution
		SolutionGuid = {03195E3E-157D-40B1-87A8-BD373AF62808}
	EndGlobalSection
EndGlobal
